// !$*UTF8*$!
{
	archiveVersion = 1;
	classes = {
	};
	objectVersion = 46;
	objects = {

/* Begin PBXBuildFile section */
		3D6D0B3A19436A7000442A5A /* AppDelegate.swift in Sources */ = {isa = PBXBuildFile; fileRef = 3D6D0B3919436A7000442A5A /* AppDelegate.swift */; };
		3D6D0B3C19436A7000442A5A /* FirstViewController.swift in Sources */ = {isa = PBXBuildFile; fileRef = 3D6D0B3B19436A7000442A5A /* FirstViewController.swift */; };
		3D6D0B3E19436A7000442A5A /* SecondViewController.swift in Sources */ = {isa = PBXBuildFile; fileRef = 3D6D0B3D19436A7000442A5A /* SecondViewController.swift */; };
		3D6D0B4119436A7000442A5A /* Main.storyboard in Resources */ = {isa = PBXBuildFile; fileRef = 3D6D0B3F19436A7000442A5A /* Main.storyboard */; };
		3D6D0B4319436A7000442A5A /* Images.xcassets in Resources */ = {isa = PBXBuildFile; fileRef = 3D6D0B4219436A7000442A5A /* Images.xcassets */; };
		3D6D0B4F19436A7100442A5A /* taskTests.swift in Sources */ = {isa = PBXBuildFile; fileRef = 3D6D0B4E19436A7100442A5A /* taskTests.swift */; };
		3D6D0B5919436B5700442A5A /* TaskManager.swift in Sources */ = {isa = PBXBuildFile; fileRef = 3D6D0B5819436B5700442A5A /* TaskManager.swift */; };
/* End PBXBuildFile section */

/* Begin PBXContainerItemProxy section */
		3D6D0B4919436A7100442A5A /* PBXContainerItemProxy */ = {
			isa = PBXContainerItemProxy;
			containerPortal = 3D6D0B2C19436A7000442A5A /* Project object */;
			proxyType = 1;
			remoteGlobalIDString = 3D6D0B3319436A7000442A5A;
			remoteInfo = task;
		};
/* End PBXContainerItemProxy section */

/* Begin PBXFileReference section */
		3D6D0B3419436A7000442A5A /* task.app */ = {isa = PBXFileReference; explicitFileType = wrapper.application; includeInIndex = 0; path = task.app; sourceTree = BUILT_PRODUCTS_DIR; };
		3D6D0B3819436A7000442A5A /* Info.plist */ = {isa = PBXFileReference; lastKnownFileType = text.plist.xml; path = Info.plist; sourceTree = "<group>"; };
		3D6D0B3919436A7000442A5A /* AppDelegate.swift */ = {isa = PBXFileReference; lastKnownFileType = sourcecode.swift; path = AppDelegate.swift; sourceTree = "<group>"; };
		3D6D0B3B19436A7000442A5A /* FirstViewController.swift */ = {isa = PBXFileReference; lastKnownFileType = sourcecode.swift; path = FirstViewController.swift; sourceTree = "<group>"; };
		3D6D0B3D19436A7000442A5A /* SecondViewController.swift */ = {isa = PBXFileReference; lastKnownFileType = sourcecode.swift; path = SecondViewController.swift; sourceTree = "<group>"; };
		3D6D0B4019436A7000442A5A /* Base */ = {isa = PBXFileReference; lastKnownFileType = file.storyboard; name = Base; path = Base.lproj/Main.storyboard; sourceTree = "<group>"; };
		3D6D0B4219436A7000442A5A /* Images.xcassets */ = {isa = PBXFileReference; lastKnownFileType = folder.assetcatalog; path = Images.xcassets; sourceTree = "<group>"; };
		3D6D0B4819436A7100442A5A /* taskTests.xctest */ = {isa = PBXFileReference; explicitFileType = wrapper.cfbundle; includeInIndex = 0; path = taskTests.xctest; sourceTree = BUILT_PRODUCTS_DIR; };
		3D6D0B4D19436A7100442A5A /* Info.plist */ = {isa = PBXFileReference; lastKnownFileType = text.plist.xml; path = Info.plist; sourceTree = "<group>"; };
		3D6D0B4E19436A7100442A5A /* taskTests.swift */ = {isa = PBXFileReference; lastKnownFileType = sourcecode.swift; path = taskTests.swift; sourceTree = "<group>"; };
		3D6D0B5819436B5700442A5A /* TaskManager.swift */ = {isa = PBXFileReference; fileEncoding = 4; lastKnownFileType = sourcecode.swift; path = TaskManager.swift; sourceTree = "<group>"; };
/* End PBXFileReference section */

/* Begin PBXFrameworksBuildPhase section */
		3D6D0B3119436A7000442A5A /* Frameworks */ = {
			isa = PBXFrameworksBuildPhase;
			buildActionMask = 2147483647;
			files = (
			);
			runOnlyForDeploymentPostprocessing = 0;
		};
		3D6D0B4519436A7100442A5A /* Frameworks */ = {
			isa = PBXFrameworksBuildPhase;
			buildActionMask = 2147483647;
			files = (
			);
			runOnlyForDeploymentPostprocessing = 0;
		};
/* End PBXFrameworksBuildPhase section */

/* Begin PBXGroup section */
		3D6D0B2B19436A7000442A5A = {
			isa = PBXGroup;
			children = (
				3D6D0B3619436A7000442A5A /* task */,
				3D6D0B4B19436A7100442A5A /* taskTests */,
				3D6D0B3519436A7000442A5A /* Products */,
			);
			sourceTree = "<group>";
		};
		3D6D0B3519436A7000442A5A /* Products */ = {
			isa = PBXGroup;
			children = (
				3D6D0B3419436A7000442A5A /* task.app */,
				3D6D0B4819436A7100442A5A /* taskTests.xctest */,
			);
			name = Products;
			sourceTree = "<group>";
		};
		3D6D0B3619436A7000442A5A /* task */ = {
			isa = PBXGroup;
			children = (
				3D6D0B3919436A7000442A5A /* AppDelegate.swift */,
				3D6D0B3B19436A7000442A5A /* FirstViewController.swift */,
				3D6D0B3D19436A7000442A5A /* SecondViewController.swift */,
				3D6D0B3F19436A7000442A5A /* Main.storyboard */,
				3D6D0B5819436B5700442A5A /* TaskManager.swift */,
				3D6D0B4219436A7000442A5A /* Images.xcassets */,
				3D6D0B3719436A7000442A5A /* Supporting Files */,
			);
			path = task;
			sourceTree = "<group>";
		};
		3D6D0B3719436A7000442A5A /* Supporting Files */ = {
			isa = PBXGroup;
			children = (
				3D6D0B3819436A7000442A5A /* Info.plist */,
			);
			name = "Supporting Files";
			sourceTree = "<group>";
		};
		3D6D0B4B19436A7100442A5A /* taskTests */ = {
			isa = PBXGroup;
			children = (
				3D6D0B4E19436A7100442A5A /* taskTests.swift */,
				3D6D0B4C19436A7100442A5A /* Supporting Files */,
			);
			path = taskTests;
			sourceTree = "<group>";
		};
		3D6D0B4C19436A7100442A5A /* Supporting Files */ = {
			isa = PBXGroup;
			children = (
				3D6D0B4D19436A7100442A5A /* Info.plist */,
			);
			name = "Supporting Files";
			sourceTree = "<group>";
		};
/* End PBXGroup section */

/* Begin PBXNativeTarget section */
		3D6D0B3319436A7000442A5A /* task */ = {
			isa = PBXNativeTarget;
			buildConfigurationList = 3D6D0B5219436A7100442A5A /* Build configuration list for PBXNativeTarget "task" */;
			buildPhases = (
				3D6D0B3019436A7000442A5A /* Sources */,
				3D6D0B3119436A7000442A5A /* Frameworks */,
				3D6D0B3219436A7000442A5A /* Resources */,
			);
			buildRules = (
			);
			dependencies = (
			);
			name = task;
			productName = task;
			productReference = 3D6D0B3419436A7000442A5A /* task.app */;
			productType = "com.apple.product-type.application";
		};
		3D6D0B4719436A7100442A5A /* taskTests */ = {
			isa = PBXNativeTarget;
			buildConfigurationList = 3D6D0B5519436A7100442A5A /* Build configuration list for PBXNativeTarget "taskTests" */;
			buildPhases = (
				3D6D0B4419436A7100442A5A /* Sources */,
				3D6D0B4519436A7100442A5A /* Frameworks */,
				3D6D0B4619436A7100442A5A /* Resources */,
			);
			buildRules = (
			);
			dependencies = (
				3D6D0B4A19436A7100442A5A /* PBXTargetDependency */,
			);
			name = taskTests;
			productName = taskTests;
			productReference = 3D6D0B4819436A7100442A5A /* taskTests.xctest */;
			productType = "com.apple.product-type.bundle.unit-test";
		};
/* End PBXNativeTarget section */

/* Begin PBXProject section */
		3D6D0B2C19436A7000442A5A /* Project object */ = {
			isa = PBXProject;
			attributes = {
				LastUpgradeCheck = 0600;
				ORGANIZATIONNAME = "Nattapon Nimakul";
				TargetAttributes = {
					3D6D0B3319436A7000442A5A = {
						CreatedOnToolsVersion = 6.0;
					};
					3D6D0B4719436A7100442A5A = {
						CreatedOnToolsVersion = 6.0;
						TestTargetID = 3D6D0B3319436A7000442A5A;
					};
				};
			};
			buildConfigurationList = 3D6D0B2F19436A7000442A5A /* Build configuration list for PBXProject "task" */;
			compatibilityVersion = "Xcode 3.2";
			developmentRegion = English;
			hasScannedForEncodings = 0;
			knownRegions = (
				en,
				Base,
			);
			mainGroup = 3D6D0B2B19436A7000442A5A;
			productRefGroup = 3D6D0B3519436A7000442A5A /* Products */;
			projectDirPath = "";
			projectRoot = "";
			targets = (
				3D6D0B3319436A7000442A5A /* task */,
				3D6D0B4719436A7100442A5A /* taskTests */,
			);
		};
/* End PBXProject section */

/* Begin PBXResourcesBuildPhase section */
		3D6D0B3219436A7000442A5A /* Resources */ = {
			isa = PBXResourcesBuildPhase;
			buildActionMask = 2147483647;
			files = (
				3D6D0B4119436A7000442A5A /* Main.storyboard in Resources */,
				3D6D0B4319436A7000442A5A /* Images.xcassets in Resources */,
			);
			runOnlyForDeploymentPostprocessing = 0;
		};
		3D6D0B4619436A7100442A5A /* Resources */ = {
			isa = PBXResourcesBuildPhase;
			buildActionMask = 2147483647;
			files = (
			);
			runOnlyForDeploymentPostprocessing = 0;
		};
/* End PBXResourcesBuildPhase section */

/* Begin PBXSourcesBuildPhase section */
		3D6D0B3019436A7000442A5A /* Sources */ = {
			isa = PBXSourcesBuildPhase;
			buildActionMask = 2147483647;
			files = (
				3D6D0B3E19436A7000442A5A /* SecondViewController.swift in Sources */,
				3D6D0B3A19436A7000442A5A /* AppDelegate.swift in Sources */,
				3D6D0B5919436B5700442A5A /* TaskManager.swift in Sources */,
				3D6D0B3C19436A7000442A5A /* FirstViewController.swift in Sources */,
			);
			runOnlyForDeploymentPostprocessing = 0;
		};
		3D6D0B4419436A7100442A5A /* Sources */ = {
			isa = PBXSourcesBuildPhase;
			buildActionMask = 2147483647;
			files = (
				3D6D0B4F19436A7100442A5A /* taskTests.swift in Sources */,
			);
			runOnlyForDeploymentPostprocessing = 0;
		};
/* End PBXSourcesBuildPhase section */

/* Begin PBXTargetDependency section */
		3D6D0B4A19436A7100442A5A /* PBXTargetDependency */ = {
			isa = PBXTargetDependency;
			target = 3D6D0B3319436A7000442A5A /* task */;
			targetProxy = 3D6D0B4919436A7100442A5A /* PBXContainerItemProxy */;
		};
/* End PBXTargetDependency section */

/* Begin PBXVariantGroup section */
		3D6D0B3F19436A7000442A5A /* Main.storyboard */ = {
			isa = PBXVariantGroup;
			children = (
				3D6D0B4019436A7000442A5A /* Base */,
			);
			name = Main.storyboard;
			sourceTree = "<group>";
		};
/* End PBXVariantGroup section */

/* Begin XCBuildConfiguration section */
		3D6D0B5019436A7100442A5A /* Debug */ = {
			isa = XCBuildConfiguration;
			buildSettings = {
				ALWAYS_SEARCH_USER_PATHS = NO;
				CLANG_CXX_LANGUAGE_STANDARD = "gnu++0x";
				CLANG_CXX_LIBRARY = "libc++";
				CLANG_ENABLE_MODULES = YES;
				CLANG_ENABLE_OBJC_ARC = YES;
				CLANG_WARN_BOOL_CONVERSION = YES;
				CLANG_WARN_CONSTANT_CONVERSION = YES;
				CLANG_WARN_DIRECT_OBJC_ISA_USAGE = YES_ERROR;
				CLANG_WARN_EMPTY_BODY = YES;
				CLANG_WARN_ENUM_CONVERSION = YES;
				CLANG_WARN_INT_CONVERSION = YES;
				CLANG_WARN_OBJC_ROOT_CLASS = YES_ERROR;
				CLANG_WARN_UNREACHABLE_CODE = YES;
				CLANG_WARN__DUPLICATE_METHOD_MATCH = YES;
				"CODE_SIGN_IDENTITY[sdk=iphoneos*]" = "iPhone Developer";
				COPY_PHASE_STRIP = NO;
				ENABLE_STRICT_OBJC_MSGSEND = YES;
				GCC_C_LANGUAGE_STANDARD = gnu99;
				GCC_DYNAMIC_NO_PIC = NO;
				GCC_OPTIMIZATION_LEVEL = 0;
				GCC_PREPROCESSOR_DEFINITIONS = (
					"DEBUG=1",
					"$(inherited)",
				);
				GCC_SYMBOLS_PRIVATE_EXTERN = NO;
				GCC_WARN_64_TO_32_BIT_CONVERSION = YES;
				GCC_WARN_ABOUT_RETURN_TYPE = YES_ERROR;
				GCC_WARN_UNDECLARED_SELECTOR = YES;
				GCC_WARN_UNINITIALIZED_AUTOS = YES_AGGRESSIVE;
				GCC_WARN_UNUSED_FUNCTION = YES;
				GCC_WARN_UNUSED_VARIABLE = YES;
				IPHONEOS_DEPLOYMENT_TARGET = 8.0;
				METAL_ENABLE_DEBUG_INFO = YES;
				ONLY_ACTIVE_ARCH = YES;
				SDKROOT = iphoneos;
				SWIFT_OPTIMIZATION_LEVEL = "-Onone";
			};
			name = Debug;
		};
		3D6D0B5119436A7100442A5A /* Release */ = {
			isa = XCBuildConfiguration;
			buildSettings = {
				ALWAYS_SEARCH_USER_PATHS = NO;
				CLANG_CXX_LANGUAGE_STANDARD = "gnu++0x";
				CLANG_CXX_LIBRARY = "libc++";
				CLANG_ENABLE_MODULES = YES;
				CLANG_ENABLE_OBJC_ARC = YES;
				CLANG_WARN_BOOL_CONVERSION = YES;
				CLANG_WARN_CONSTANT_CONVERSION = YES;
				CLANG_WARN_DIRECT_OBJC_ISA_USAGE = YES_ERROR;
				CLANG_WARN_EMPTY_BODY = YES;
				CLANG_WARN_ENUM_CONVERSION = YES;
				CLANG_WARN_INT_CONVERSION = YES;
				CLANG_WARN_OBJC_ROOT_CLASS = YES_ERROR;
				CLANG_WARN_UNREACHABLE_CODE = YES;
				CLANG_WARN__DUPLICATE_METHOD_MATCH = YES;
				"CODE_SIGN_IDENTITY[sdk=iphoneos*]" = "iPhone Developer";
				COPY_PHASE_STRIP = YES;
				ENABLE_NS_ASSERTIONS = NO;
				ENABLE_STRICT_OBJC_MSGSEND = YES;
				GCC_C_LANGUAGE_STANDARD = gnu99;
				GCC_WARN_64_TO_32_BIT_CONVERSION = YES;
				GCC_WARN_ABOUT_RETURN_TYPE = YES_ERROR;
				GCC_WARN_UNDECLARED_SELECTOR = YES;
				GCC_WARN_UNINITIALIZED_AUTOS = YES_AGGRESSIVE;
				GCC_WARN_UNUSED_FUNCTION = YES;
				GCC_WARN_UNUSED_VARIABLE = YES;
				IPHONEOS_DEPLOYMENT_TARGET = 8.0;
				METAL_ENABLE_DEBUG_INFO = NO;
				SDKROOT = iphoneos;
				VALIDATE_PRODUCT = YES;
			};
			name = Release;
		};
		3D6D0B5319436A7100442A5A /* Debug */ = {
			isa = XCBuildConfiguration;
			buildSettings = {
				ASSETCATALOG_COMPILER_APPICON_NAME = AppIcon;
				ASSETCATALOG_COMPILER_LAUNCHIMAGE_NAME = LaunchImage;
				INFOPLIST_FILE = task/Info.plist;
				LD_RUNPATH_SEARCH_PATHS = "$(inherited) @executable_path/Frameworks";
				PRODUCT_NAME = "$(TARGET_NAME)";
			};
			name = Debug;
		};
		3D6D0B5419436A7100442A5A /* Release */ = {
			isa = XCBuildConfiguration;
			buildSettings = {
				ASSETCATALOG_COMPILER_APPICON_NAME = AppIcon;
				ASSETCATALOG_COMPILER_LAUNCHIMAGE_NAME = LaunchImage;
				INFOPLIST_FILE = task/Info.plist;
				LD_RUNPATH_SEARCH_PATHS = "$(inherited) @executable_path/Frameworks";
				PRODUCT_NAME = "$(TARGET_NAME)";
			};
			name = Release;
		};
		3D6D0B5619436A7100442A5A /* Debug */ = {
			isa = XCBuildConfiguration;
			buildSettings = {
				BUNDLE_LOADER = "$(BUILT_PRODUCTS_DIR)/task.app/task";
				FRAMEWORK_SEARCH_PATHS = (
					"$(SDKROOT)/Developer/Library/Frameworks",
					"$(inherited)",
				);
				GCC_PREPROCESSOR_DEFINITIONS = (
					"DEBUG=1",
					"$(inherited)",
				);
				INFOPLIST_FILE = taskTests/Info.plist;
				LD_RUNPATH_SEARCH_PATHS = "$(inherited) @executable_path/Frameworks @loader_path/Frameworks";
				METAL_ENABLE_DEBUG_INFO = YES;
				PRODUCT_NAME = "$(TARGET_NAME)";
				TEST_HOST = "$(BUNDLE_LOADER)";
			};
			name = Debug;
		};
		3D6D0B5719436A7100442A5A /* Release */ = {
			isa = XCBuildConfiguration;
			buildSettings = {
				BUNDLE_LOADER = "$(BUILT_PRODUCTS_DIR)/task.app/task";
				FRAMEWORK_SEARCH_PATHS = (
					"$(SDKROOT)/Developer/Library/Frameworks",
					"$(inherited)",
				);
				INFOPLIST_FILE = taskTests/Info.plist;
				LD_RUNPATH_SEARCH_PATHS = "$(inherited) @executable_path/Frameworks @loader_path/Frameworks";
				METAL_ENABLE_DEBUG_INFO = NO;
				PRODUCT_NAME = "$(TARGET_NAME)";
				TEST_HOST = "$(BUNDLE_LOADER)";
			};
			name = Release;
		};
/* End XCBuildConfiguration section */

/* Begin XCConfigurationList section */
		3D6D0B2F19436A7000442A5A /* Build configuration list for PBXProject "task" */ = {
			isa = XCConfigurationList;
			buildConfigurations = (
				3D6D0B5019436A7100442A5A /* Debug */,
				3D6D0B5119436A7100442A5A /* Release */,
			);
			defaultConfigurationIsVisible = 0;
			defaultConfigurationName = Release;
		};
		3D6D0B5219436A7100442A5A /* Build configuration list for PBXNativeTarget "task" */ = {
			isa = XCConfigurationList;
			buildConfigurations = (
				3D6D0B5319436A7100442A5A /* Debug */,
				3D6D0B5419436A7100442A5A /* Release */,
			);
			defaultConfigurationIsVisible = 0;
		};
		3D6D0B5519436A7100442A5A /* Build configuration list for PBXNativeTarget "taskTests" */ = {
			isa = XCConfigurationList;
			buildConfigurations = (
				3D6D0B5619436A7100442A5A /* Debug */,
				3D6D0B5719436A7100442A5A /* Release */,
			);
			defaultConfigurationIsVisible = 0;
		};
/* End XCConfigurationList section */
	};
	rootObject = 3D6D0B2C19436A7000442A5A /* Project object */;
}
